
Microsoft Visual Studio Solution File, Format Version 12.00
# Visual Studio Version 17
VisualStudioVersion = 17.7.34202.233
MinimumVisualStudioVersion = 10.0.40219.1
Project("{9A19103F-16F7-4668-BE54-9A1E7A4F7556}") = "SpatialHashing", "SpatialHashing\SpatialHashing.csproj", "{CFEE69B2-7188-49E4-A235-6B80D81C5E15}"
EndProject
Global
	GlobalSection(SolutionConfigurationPlatforms) = preSolution
		Debug|Any CPU = Debug|Any CPU
		Release|Any CPU = Release|Any CPU
	EndGlobalSection
	GlobalSection(ProjectConfigurationPlatforms) = postSolution
		{CFEE69B2-7188-49E4-A235-6B80D81C5E15}.Debug|Any CPU.ActiveCfg = Debug|Any CPU
		{CFEE69B2-7188-49E4-A235-6B80D81C5E15}.Debug|Any CPU.Build.0 = Debug|Any CPU
		{CFEE69B2-7188-49E4-A235-6B80D81C5E15}.Release|Any CPU.ActiveCfg = Release|Any CPU
		{CFEE69B2-7188-49E4-A235-6B80D81C5E15}.Release|Any CPU.Build.0 = Release|Any CPU
	EndGlobalSection
	GlobalSection(SolutionProperties) = preSolution
		HideSolutionNode = FALSE
	EndGlobalSection
	GlobalSection(ExtensibilityGlobals) = postSolution
		SolutionGuid = {84997AF2-483F-4CA7-BFCF-52718D0FD3B4}
	EndGlobalSection
EndGlobal
